// !$*UTF8*$!
{
	archiveVersion = 1;
	classes = {
	};
	objectVersion = 46;
	objects = {

/* Begin PBXBuildFile section */
		3404ABB41E787D9F00CA6CD9 /* RiddleViewKeyboardExtension.swift in Sources */ = {isa = PBXBuildFile; fileRef = 3404ABB31E787D9F00CA6CD9 /* RiddleViewKeyboardExtension.swift */; };
		3404ABB81E787FEC00CA6CD9 /* DalekTextFieldDelegate.swift in Sources */ = {isa = PBXBuildFile; fileRef = 3404ABB71E787FEC00CA6CD9 /* DalekTextFieldDelegate.swift */; };
		3404ABBA1E788C8500CA6CD9 /* PageModel.swift in Sources */ = {isa = PBXBuildFile; fileRef = 3404ABB91E788C8500CA6CD9 /* PageModel.swift */; };
		3404ABC01E78BB2D00CA6CD9 /* CodeModel.swift in Sources */ = {isa = PBXBuildFile; fileRef = 3404ABBF1E78BB2D00CA6CD9 /* CodeModel.swift */; };
		3404ABC41E78CA3500CA6CD9 /* RoshamboModel.swift in Sources */ = {isa = PBXBuildFile; fileRef = 3404ABC31E78CA3500CA6CD9 /* RoshamboModel.swift */; };
		3421CC4F1F7C4FED00CC2AED /* StoryModelTests.swift in Sources */ = {isa = PBXBuildFile; fileRef = 3421CC4E1F7C4FED00CC2AED /* StoryModelTests.swift */; };
		34407B291E9D5EDC006A34FF /* PageModelTests.swift in Sources */ = {isa = PBXBuildFile; fileRef = 34407B281E9D5EDC006A34FF /* PageModelTests.swift */; };
		34407B2B1E9D5EEB006A34FF /* CodeModelTests.swift in Sources */ = {isa = PBXBuildFile; fileRef = 34407B2A1E9D5EEB006A34FF /* CodeModelTests.swift */; };
		34407B2D1E9D5EFC006A34FF /* RoshamboModelTests.swift in Sources */ = {isa = PBXBuildFile; fileRef = 34407B2C1E9D5EFB006A34FF /* RoshamboModelTests.swift */; };
		344743CD1F7D50C70079D3AA /* TitleViewControllerTests.swift in Sources */ = {isa = PBXBuildFile; fileRef = 344743CC1F7D50C70079D3AA /* TitleViewControllerTests.swift */; };
		344743CF1F7D52080079D3AA /* StoryViewControllerTests.swift in Sources */ = {isa = PBXBuildFile; fileRef = 344743CE1F7D52080079D3AA /* StoryViewControllerTests.swift */; };
		344743D11F7D557C0079D3AA /* DeathViewControllerTests.swift in Sources */ = {isa = PBXBuildFile; fileRef = 344743D01F7D557C0079D3AA /* DeathViewControllerTests.swift */; };
		344743D31F7D57F60079D3AA /* ChoiceViewControllerTests.swift in Sources */ = {isa = PBXBuildFile; fileRef = 344743D21F7D57F60079D3AA /* ChoiceViewControllerTests.swift */; };
		344743D51F7D5A8B0079D3AA /* RiddleViewControllerTests.swift in Sources */ = {isa = PBXBuildFile; fileRef = 344743D41F7D5A8B0079D3AA /* RiddleViewControllerTests.swift */; };
		344743D71F7D5CC10079D3AA /* CodeViewControllerTests.swift in Sources */ = {isa = PBXBuildFile; fileRef = 344743D61F7D5CC10079D3AA /* CodeViewControllerTests.swift */; };
		344743D91F7D67DC0079D3AA /* RoshamboViewControllerTests.swift in Sources */ = {isa = PBXBuildFile; fileRef = 344743D81F7D67DC0079D3AA /* RoshamboViewControllerTests.swift */; };
		344743DB1F7D6A340079D3AA /* LaserViewControllerTests.swift in Sources */ = {isa = PBXBuildFile; fileRef = 344743DA1F7D6A340079D3AA /* LaserViewControllerTests.swift */; };
		3455AC391DC3CE61001C3580 /* DeathViewController.swift in Sources */ = {isa = PBXBuildFile; fileRef = 3455AC381DC3CE61001C3580 /* DeathViewController.swift */; };
		3479E8DF1DBE79F300D9591E /* AppDelegate.swift in Sources */ = {isa = PBXBuildFile; fileRef = 3479E8DE1DBE79F300D9591E /* AppDelegate.swift */; };
		3479E8E11DBE79F300D9591E /* TitleViewController.swift in Sources */ = {isa = PBXBuildFile; fileRef = 3479E8E01DBE79F300D9591E /* TitleViewController.swift */; };
		3479E8E41DBE79F300D9591E /* Main.storyboard in Resources */ = {isa = PBXBuildFile; fileRef = 3479E8E21DBE79F300D9591E /* Main.storyboard */; };
		3479E8E61DBE79F300D9591E /* Assets.xcassets in Resources */ = {isa = PBXBuildFile; fileRef = 3479E8E51DBE79F300D9591E /* Assets.xcassets */; };
		3479E8E91DBE79F300D9591E /* LaunchScreen.storyboard in Resources */ = {isa = PBXBuildFile; fileRef = 3479E8E71DBE79F300D9591E /* LaunchScreen.storyboard */; };
		3479E8F11DBE7A1A00D9591E /* Story.swift in Sources */ = {isa = PBXBuildFile; fileRef = 3479E8F01DBE7A1A00D9591E /* Story.swift */; };
		3479E8F71DBE7A8F00D9591E /* ChoiceViewController.swift in Sources */ = {isa = PBXBuildFile; fileRef = 3479E8F61DBE7A8F00D9591E /* ChoiceViewController.swift */; };
		3479E8F91DBE7AA100D9591E /* RiddleViewController.swift in Sources */ = {isa = PBXBuildFile; fileRef = 3479E8F81DBE7AA100D9591E /* RiddleViewController.swift */; };
		3479E8FB1DBE7AB600D9591E /* CodeViewController.swift in Sources */ = {isa = PBXBuildFile; fileRef = 3479E8FA1DBE7AB600D9591E /* CodeViewController.swift */; };
		3479E9031DBED53700D9591E /* StoryViewController.swift in Sources */ = {isa = PBXBuildFile; fileRef = 3479E9021DBED53700D9591E /* StoryViewController.swift */; };
		3494B94A1E765C4F00BFBC7D /* RoshamboViewController.swift in Sources */ = {isa = PBXBuildFile; fileRef = 3494B9491E765C4F00BFBC7D /* RoshamboViewController.swift */; };
		34B7FF341DE2024A00B30BCE /* JokeViewController.swift in Sources */ = {isa = PBXBuildFile; fileRef = 34B7FF331DE2024A00B30BCE /* JokeViewController.swift */; };
		34B7FF381DE20F2900B30BCE /* VictoryViewController.swift in Sources */ = {isa = PBXBuildFile; fileRef = 34B7FF371DE20F2900B30BCE /* VictoryViewController.swift */; };
		34D439D41DE0C342004C8B54 /* LaserViewController.swift in Sources */ = {isa = PBXBuildFile; fileRef = 34D439D31DE0C342004C8B54 /* LaserViewController.swift */; };
/* End PBXBuildFile section */

/* Begin PBXContainerItemProxy section */
		34407B211E9D5EA4006A34FF /* PBXContainerItemProxy */ = {
			isa = PBXContainerItemProxy;
			containerPortal = 3479E8D31DBE79F200D9591E /* Project object */;
			proxyType = 1;
			remoteGlobalIDString = 3479E8DA1DBE79F200D9591E;
			remoteInfo = "Into The Dalek";
		};
/* End PBXContainerItemProxy section */

/* Begin PBXFileReference section */
		3404ABB31E787D9F00CA6CD9 /* RiddleViewKeyboardExtension.swift */ = {isa = PBXFileReference; fileEncoding = 4; lastKnownFileType = sourcecode.swift; path = RiddleViewKeyboardExtension.swift; sourceTree = "<group>"; };
		3404ABB71E787FEC00CA6CD9 /* DalekTextFieldDelegate.swift */ = {isa = PBXFileReference; fileEncoding = 4; lastKnownFileType = sourcecode.swift; path = DalekTextFieldDelegate.swift; sourceTree = "<group>"; };
		3404ABB91E788C8500CA6CD9 /* PageModel.swift */ = {isa = PBXFileReference; fileEncoding = 4; lastKnownFileType = sourcecode.swift; path = PageModel.swift; sourceTree = "<group>"; };
		3404ABBF1E78BB2D00CA6CD9 /* CodeModel.swift */ = {isa = PBXFileReference; fileEncoding = 4; lastKnownFileType = sourcecode.swift; path = CodeModel.swift; sourceTree = "<group>"; };
		3404ABC31E78CA3500CA6CD9 /* RoshamboModel.swift */ = {isa = PBXFileReference; fileEncoding = 4; lastKnownFileType = sourcecode.swift; path = RoshamboModel.swift; sourceTree = "<group>"; };
		3421CC4E1F7C4FED00CC2AED /* StoryModelTests.swift */ = {isa = PBXFileReference; lastKnownFileType = sourcecode.swift; path = StoryModelTests.swift; sourceTree = "<group>"; };
		34407B1C1E9D5EA2006A34FF /* Into The DalekTests.xctest */ = {isa = PBXFileReference; explicitFileType = wrapper.cfbundle; includeInIndex = 0; path = "Into The DalekTests.xctest"; sourceTree = BUILT_PRODUCTS_DIR; };
		34407B201E9D5EA4006A34FF /* Info.plist */ = {isa = PBXFileReference; lastKnownFileType = text.plist.xml; path = Info.plist; sourceTree = "<group>"; };
		34407B281E9D5EDC006A34FF /* PageModelTests.swift */ = {isa = PBXFileReference; fileEncoding = 4; lastKnownFileType = sourcecode.swift; path = PageModelTests.swift; sourceTree = "<group>"; };
		34407B2A1E9D5EEB006A34FF /* CodeModelTests.swift */ = {isa = PBXFileReference; fileEncoding = 4; lastKnownFileType = sourcecode.swift; path = CodeModelTests.swift; sourceTree = "<group>"; };
		34407B2C1E9D5EFB006A34FF /* RoshamboModelTests.swift */ = {isa = PBXFileReference; fileEncoding = 4; lastKnownFileType = sourcecode.swift; path = RoshamboModelTests.swift; sourceTree = "<group>"; };
		344743CC1F7D50C70079D3AA /* TitleViewControllerTests.swift */ = {isa = PBXFileReference; lastKnownFileType = sourcecode.swift; path = TitleViewControllerTests.swift; sourceTree = "<group>"; };
		344743CE1F7D52080079D3AA /* StoryViewControllerTests.swift */ = {isa = PBXFileReference; lastKnownFileType = sourcecode.swift; path = StoryViewControllerTests.swift; sourceTree = "<group>"; };
		344743D01F7D557C0079D3AA /* DeathViewControllerTests.swift */ = {isa = PBXFileReference; lastKnownFileType = sourcecode.swift; path = DeathViewControllerTests.swift; sourceTree = "<group>"; };
		344743D21F7D57F60079D3AA /* ChoiceViewControllerTests.swift */ = {isa = PBXFileReference; lastKnownFileType = sourcecode.swift; path = ChoiceViewControllerTests.swift; sourceTree = "<group>"; };
		344743D41F7D5A8B0079D3AA /* RiddleViewControllerTests.swift */ = {isa = PBXFileReference; lastKnownFileType = sourcecode.swift; path = RiddleViewControllerTests.swift; sourceTree = "<group>"; };
		344743D61F7D5CC10079D3AA /* CodeViewControllerTests.swift */ = {isa = PBXFileReference; lastKnownFileType = sourcecode.swift; path = CodeViewControllerTests.swift; sourceTree = "<group>"; };
		344743D81F7D67DC0079D3AA /* RoshamboViewControllerTests.swift */ = {isa = PBXFileReference; lastKnownFileType = sourcecode.swift; path = RoshamboViewControllerTests.swift; sourceTree = "<group>"; };
		344743DA1F7D6A340079D3AA /* LaserViewControllerTests.swift */ = {isa = PBXFileReference; lastKnownFileType = sourcecode.swift; path = LaserViewControllerTests.swift; sourceTree = "<group>"; };
		3455AC381DC3CE61001C3580 /* DeathViewController.swift */ = {isa = PBXFileReference; fileEncoding = 4; lastKnownFileType = sourcecode.swift; path = DeathViewController.swift; sourceTree = "<group>"; };
		3479E8DB1DBE79F300D9591E /* Into The Dalek.app */ = {isa = PBXFileReference; explicitFileType = wrapper.application; includeInIndex = 0; path = "Into The Dalek.app"; sourceTree = BUILT_PRODUCTS_DIR; };
		3479E8DE1DBE79F300D9591E /* AppDelegate.swift */ = {isa = PBXFileReference; lastKnownFileType = sourcecode.swift; path = AppDelegate.swift; sourceTree = "<group>"; };
		3479E8E01DBE79F300D9591E /* TitleViewController.swift */ = {isa = PBXFileReference; lastKnownFileType = sourcecode.swift; path = TitleViewController.swift; sourceTree = "<group>"; };
		3479E8E31DBE79F300D9591E /* Base */ = {isa = PBXFileReference; lastKnownFileType = file.storyboard; name = Base; path = Base.lproj/Main.storyboard; sourceTree = "<group>"; };
		3479E8E51DBE79F300D9591E /* Assets.xcassets */ = {isa = PBXFileReference; lastKnownFileType = folder.assetcatalog; path = Assets.xcassets; sourceTree = "<group>"; };
		3479E8E81DBE79F300D9591E /* Base */ = {isa = PBXFileReference; lastKnownFileType = file.storyboard; name = Base; path = Base.lproj/LaunchScreen.storyboard; sourceTree = "<group>"; };
		3479E8EA1DBE79F300D9591E /* Info.plist */ = {isa = PBXFileReference; lastKnownFileType = text.plist.xml; path = Info.plist; sourceTree = "<group>"; };
		3479E8F01DBE7A1A00D9591E /* Story.swift */ = {isa = PBXFileReference; fileEncoding = 4; lastKnownFileType = sourcecode.swift; path = Story.swift; sourceTree = "<group>"; };
		3479E8F61DBE7A8F00D9591E /* ChoiceViewController.swift */ = {isa = PBXFileReference; fileEncoding = 4; lastKnownFileType = sourcecode.swift; path = ChoiceViewController.swift; sourceTree = "<group>"; };
		3479E8F81DBE7AA100D9591E /* RiddleViewController.swift */ = {isa = PBXFileReference; fileEncoding = 4; lastKnownFileType = sourcecode.swift; path = RiddleViewController.swift; sourceTree = "<group>"; };
		3479E8FA1DBE7AB600D9591E /* CodeViewController.swift */ = {isa = PBXFileReference; fileEncoding = 4; lastKnownFileType = sourcecode.swift; path = CodeViewController.swift; sourceTree = "<group>"; };
		3479E9021DBED53700D9591E /* StoryViewController.swift */ = {isa = PBXFileReference; fileEncoding = 4; lastKnownFileType = sourcecode.swift; path = StoryViewController.swift; sourceTree = "<group>"; };
		3494B9491E765C4F00BFBC7D /* RoshamboViewController.swift */ = {isa = PBXFileReference; fileEncoding = 4; lastKnownFileType = sourcecode.swift; path = RoshamboViewController.swift; sourceTree = "<group>"; };
		34B7FF331DE2024A00B30BCE /* JokeViewController.swift */ = {isa = PBXFileReference; fileEncoding = 4; lastKnownFileType = sourcecode.swift; path = JokeViewController.swift; sourceTree = "<group>"; };
		34B7FF371DE20F2900B30BCE /* VictoryViewController.swift */ = {isa = PBXFileReference; fileEncoding = 4; lastKnownFileType = sourcecode.swift; path = VictoryViewController.swift; sourceTree = "<group>"; };
		34D439D31DE0C342004C8B54 /* LaserViewController.swift */ = {isa = PBXFileReference; fileEncoding = 4; lastKnownFileType = sourcecode.swift; path = LaserViewController.swift; sourceTree = "<group>"; };
/* End PBXFileReference section */

/* Begin PBXFrameworksBuildPhase section */
		34407B191E9D5EA2006A34FF /* Frameworks */ = {
			isa = PBXFrameworksBuildPhase;
			buildActionMask = 2147483647;
			files = (
			);
			runOnlyForDeploymentPostprocessing = 0;
		};
		3479E8D81DBE79F200D9591E /* Frameworks */ = {
			isa = PBXFrameworksBuildPhase;
			buildActionMask = 2147483647;
			files = (
			);
			runOnlyForDeploymentPostprocessing = 0;
		};
/* End PBXFrameworksBuildPhase section */

/* Begin PBXGroup section */
		3421CC4D1F7C4FCD00CC2AED /* Model Tests */ = {
			isa = PBXGroup;
			children = (
				3421CC4E1F7C4FED00CC2AED /* StoryModelTests.swift */,
				34407B281E9D5EDC006A34FF /* PageModelTests.swift */,
				34407B2A1E9D5EEB006A34FF /* CodeModelTests.swift */,
				34407B2C1E9D5EFB006A34FF /* RoshamboModelTests.swift */,
			);
			path = "Model Tests";
			sourceTree = "<group>";
		};
		3431B4A61E9BD4BF0057ADDC /* View */ = {
			isa = PBXGroup;
			children = (
				3404ABB31E787D9F00CA6CD9 /* RiddleViewKeyboardExtension.swift */,
				3404ABB71E787FEC00CA6CD9 /* DalekTextFieldDelegate.swift */,
			);
			name = View;
			sourceTree = "<group>";
		};
		3431B4A71E9BD4C60057ADDC /* Model */ = {
			isa = PBXGroup;
			children = (
				3479E8F01DBE7A1A00D9591E /* Story.swift */,
				3404ABB91E788C8500CA6CD9 /* PageModel.swift */,
				3404ABBF1E78BB2D00CA6CD9 /* CodeModel.swift */,
				3404ABC31E78CA3500CA6CD9 /* RoshamboModel.swift */,
			);
			name = Model;
			sourceTree = "<group>";
		};
		3431B4A81E9BD4CD0057ADDC /* Controllers */ = {
			isa = PBXGroup;
			children = (
				3479E8E01DBE79F300D9591E /* TitleViewController.swift */,
				3479E9021DBED53700D9591E /* StoryViewController.swift */,
				3455AC381DC3CE61001C3580 /* DeathViewController.swift */,
				3479E8F61DBE7A8F00D9591E /* ChoiceViewController.swift */,
				3479E8F81DBE7AA100D9591E /* RiddleViewController.swift */,
				3479E8FA1DBE7AB600D9591E /* CodeViewController.swift */,
				3494B9491E765C4F00BFBC7D /* RoshamboViewController.swift */,
				34D439D31DE0C342004C8B54 /* LaserViewController.swift */,
				34B7FF331DE2024A00B30BCE /* JokeViewController.swift */,
				34B7FF371DE20F2900B30BCE /* VictoryViewController.swift */,
			);
			name = Controllers;
			sourceTree = "<group>";
		};
		34407B1D1E9D5EA4006A34FF /* Into The DalekTests */ = {
			isa = PBXGroup;
			children = (
				3421CC4D1F7C4FCD00CC2AED /* Model Tests */,
				344743CB1F7D50AC0079D3AA /* Controller Tests */,
				34407B201E9D5EA4006A34FF /* Info.plist */,
			);
			path = "Into The DalekTests";
			sourceTree = "<group>";
		};
		344743CB1F7D50AC0079D3AA /* Controller Tests */ = {
			isa = PBXGroup;
			children = (
				344743CC1F7D50C70079D3AA /* TitleViewControllerTests.swift */,
				344743CE1F7D52080079D3AA /* StoryViewControllerTests.swift */,
				344743D01F7D557C0079D3AA /* DeathViewControllerTests.swift */,
				344743D21F7D57F60079D3AA /* ChoiceViewControllerTests.swift */,
				344743D41F7D5A8B0079D3AA /* RiddleViewControllerTests.swift */,
				344743D61F7D5CC10079D3AA /* CodeViewControllerTests.swift */,
				344743D81F7D67DC0079D3AA /* RoshamboViewControllerTests.swift */,
				344743DA1F7D6A340079D3AA /* LaserViewControllerTests.swift */,
			);
			path = "Controller Tests";
			sourceTree = "<group>";
		};
		3479E8D21DBE79F200D9591E = {
			isa = PBXGroup;
			children = (
				3479E8DD1DBE79F300D9591E /* Into The Dalek */,
				34407B1D1E9D5EA4006A34FF /* Into The DalekTests */,
				3479E8DC1DBE79F300D9591E /* Products */,
			);
			sourceTree = "<group>";
		};
		3479E8DC1DBE79F300D9591E /* Products */ = {
			isa = PBXGroup;
			children = (
				3479E8DB1DBE79F300D9591E /* Into The Dalek.app */,
				34407B1C1E9D5EA2006A34FF /* Into The DalekTests.xctest */,
			);
			name = Products;
			sourceTree = "<group>";
		};
		3479E8DD1DBE79F300D9591E /* Into The Dalek */ = {
			isa = PBXGroup;
			children = (
				3479E8DE1DBE79F300D9591E /* AppDelegate.swift */,
				3431B4A71E9BD4C60057ADDC /* Model */,
				3431B4A61E9BD4BF0057ADDC /* View */,
				3431B4A81E9BD4CD0057ADDC /* Controllers */,
				3479E8E21DBE79F300D9591E /* Main.storyboard */,
				3479E8E51DBE79F300D9591E /* Assets.xcassets */,
				3479E8E71DBE79F300D9591E /* LaunchScreen.storyboard */,
				3479E8EA1DBE79F300D9591E /* Info.plist */,
			);
			path = "Into The Dalek";
			sourceTree = "<group>";
		};
/* End PBXGroup section */

/* Begin PBXNativeTarget section */
		34407B1B1E9D5EA2006A34FF /* Into The DalekTests */ = {
			isa = PBXNativeTarget;
			buildConfigurationList = 34407B251E9D5EA7006A34FF /* Build configuration list for PBXNativeTarget "Into The DalekTests" */;
			buildPhases = (
				34407B181E9D5EA2006A34FF /* Sources */,
				34407B191E9D5EA2006A34FF /* Frameworks */,
				34407B1A1E9D5EA2006A34FF /* Resources */,
			);
			buildRules = (
			);
			dependencies = (
				34407B221E9D5EA4006A34FF /* PBXTargetDependency */,
			);
			name = "Into The DalekTests";
			productName = "Into The DalekTests";
			productReference = 34407B1C1E9D5EA2006A34FF /* Into The DalekTests.xctest */;
			productType = "com.apple.product-type.bundle.unit-test";
		};
		3479E8DA1DBE79F200D9591E /* Into The Dalek */ = {
			isa = PBXNativeTarget;
			buildConfigurationList = 3479E8ED1DBE79F300D9591E /* Build configuration list for PBXNativeTarget "Into The Dalek" */;
			buildPhases = (
				3479E8D71DBE79F200D9591E /* Sources */,
				3479E8D81DBE79F200D9591E /* Frameworks */,
				3479E8D91DBE79F200D9591E /* Resources */,
			);
			buildRules = (
			);
			dependencies = (
			);
			name = "Into The Dalek";
			productName = "Into The Dalek";
			productReference = 3479E8DB1DBE79F300D9591E /* Into The Dalek.app */;
			productType = "com.apple.product-type.application";
		};
/* End PBXNativeTarget section */

/* Begin PBXProject section */
		3479E8D31DBE79F200D9591E /* Project object */ = {
			isa = PBXProject;
			attributes = {
				LastSwiftUpdateCheck = 0830;
				LastUpgradeCheck = 0900;
				ORGANIZATIONNAME = GhostBirdGames;
				TargetAttributes = {
					34407B1B1E9D5EA2006A34FF = {
						CreatedOnToolsVersion = 8.3;
						DevelopmentTeam = B875NM54ML;
						LastSwiftMigration = 0900;
						ProvisioningStyle = Automatic;
						TestTargetID = 3479E8DA1DBE79F200D9591E;
					};
					3479E8DA1DBE79F200D9591E = {
						CreatedOnToolsVersion = 8.0;
						DevelopmentTeam = B875NM54ML;
						LastSwiftMigration = 0900;
						ProvisioningStyle = Automatic;
					};
				};
			};
			buildConfigurationList = 3479E8D61DBE79F200D9591E /* Build configuration list for PBXProject "Into The Dalek" */;
			compatibilityVersion = "Xcode 3.2";
			developmentRegion = English;
			hasScannedForEncodings = 0;
			knownRegions = (
				en,
				Base,
			);
			mainGroup = 3479E8D21DBE79F200D9591E;
			productRefGroup = 3479E8DC1DBE79F300D9591E /* Products */;
			projectDirPath = "";
			projectRoot = "";
			targets = (
				3479E8DA1DBE79F200D9591E /* Into The Dalek */,
				34407B1B1E9D5EA2006A34FF /* Into The DalekTests */,
			);
		};
/* End PBXProject section */

/* Begin PBXResourcesBuildPhase section */
		34407B1A1E9D5EA2006A34FF /* Resources */ = {
			isa = PBXResourcesBuildPhase;
			buildActionMask = 2147483647;
			files = (
			);
			runOnlyForDeploymentPostprocessing = 0;
		};
		3479E8D91DBE79F200D9591E /* Resources */ = {
			isa = PBXResourcesBuildPhase;
			buildActionMask = 2147483647;
			files = (
				3479E8E91DBE79F300D9591E /* LaunchScreen.storyboard in Resources */,
				3479E8E61DBE79F300D9591E /* Assets.xcassets in Resources */,
				3479E8E41DBE79F300D9591E /* Main.storyboard in Resources */,
			);
			runOnlyForDeploymentPostprocessing = 0;
		};
/* End PBXResourcesBuildPhase section */

/* Begin PBXSourcesBuildPhase section */
		34407B181E9D5EA2006A34FF /* Sources */ = {
			isa = PBXSourcesBuildPhase;
			buildActionMask = 2147483647;
			files = (
				344743D91F7D67DC0079D3AA /* RoshamboViewControllerTests.swift in Sources */,
				34407B291E9D5EDC006A34FF /* PageModelTests.swift in Sources */,
				344743D11F7D557C0079D3AA /* DeathViewControllerTests.swift in Sources */,
				344743D51F7D5A8B0079D3AA /* RiddleViewControllerTests.swift in Sources */,
				344743CD1F7D50C70079D3AA /* TitleViewControllerTests.swift in Sources */,
				3421CC4F1F7C4FED00CC2AED /* StoryModelTests.swift in Sources */,
				34407B2B1E9D5EEB006A34FF /* CodeModelTests.swift in Sources */,
				344743CF1F7D52080079D3AA /* StoryViewControllerTests.swift in Sources */,
				34407B2D1E9D5EFC006A34FF /* RoshamboModelTests.swift in Sources */,
				344743D31F7D57F60079D3AA /* ChoiceViewControllerTests.swift in Sources */,
				344743DB1F7D6A340079D3AA /* LaserViewControllerTests.swift in Sources */,
				344743D71F7D5CC10079D3AA /* CodeViewControllerTests.swift in Sources */,
			);
			runOnlyForDeploymentPostprocessing = 0;
		};
		3479E8D71DBE79F200D9591E /* Sources */ = {
			isa = PBXSourcesBuildPhase;
			buildActionMask = 2147483647;
			files = (
				3479E8FB1DBE7AB600D9591E /* CodeViewController.swift in Sources */,
				3404ABBA1E788C8500CA6CD9 /* PageModel.swift in Sources */,
				34B7FF381DE20F2900B30BCE /* VictoryViewController.swift in Sources */,
				3494B94A1E765C4F00BFBC7D /* RoshamboViewController.swift in Sources */,
				3404ABB41E787D9F00CA6CD9 /* RiddleViewKeyboardExtension.swift in Sources */,
				3455AC391DC3CE61001C3580 /* DeathViewController.swift in Sources */,
				3404ABC01E78BB2D00CA6CD9 /* CodeModel.swift in Sources */,
				3479E8E11DBE79F300D9591E /* TitleViewController.swift in Sources */,
				3479E8F91DBE7AA100D9591E /* RiddleViewController.swift in Sources */,
				3479E9031DBED53700D9591E /* StoryViewController.swift in Sources */,
				3404ABB81E787FEC00CA6CD9 /* DalekTextFieldDelegate.swift in Sources */,
				3404ABC41E78CA3500CA6CD9 /* RoshamboModel.swift in Sources */,
				3479E8F71DBE7A8F00D9591E /* ChoiceViewController.swift in Sources */,
				3479E8DF1DBE79F300D9591E /* AppDelegate.swift in Sources */,
				34B7FF341DE2024A00B30BCE /* JokeViewController.swift in Sources */,
				34D439D41DE0C342004C8B54 /* LaserViewController.swift in Sources */,
				3479E8F11DBE7A1A00D9591E /* Story.swift in Sources */,
			);
			runOnlyForDeploymentPostprocessing = 0;
		};
/* End PBXSourcesBuildPhase section */

/* Begin PBXTargetDependency section */
		34407B221E9D5EA4006A34FF /* PBXTargetDependency */ = {
			isa = PBXTargetDependency;
			target = 3479E8DA1DBE79F200D9591E /* Into The Dalek */;
			targetProxy = 34407B211E9D5EA4006A34FF /* PBXContainerItemProxy */;
		};
/* End PBXTargetDependency section */

/* Begin PBXVariantGroup section */
		3479E8E21DBE79F300D9591E /* Main.storyboard */ = {
			isa = PBXVariantGroup;
			children = (
				3479E8E31DBE79F300D9591E /* Base */,
			);
			name = Main.storyboard;
			sourceTree = "<group>";
		};
		3479E8E71DBE79F300D9591E /* LaunchScreen.storyboard */ = {
			isa = PBXVariantGroup;
			children = (
				3479E8E81DBE79F300D9591E /* Base */,
			);
			name = LaunchScreen.storyboard;
			sourceTree = "<group>";
		};
/* End PBXVariantGroup section */

/* Begin XCBuildConfiguration section */
		34407B231E9D5EA7006A34FF /* Debug */ = {
			isa = XCBuildConfiguration;
			buildSettings = {
				BUNDLE_LOADER = "$(TEST_HOST)";
				CLANG_ANALYZER_NUMBER_OBJECT_CONVERSION = YES_AGGRESSIVE;
				DEVELOPMENT_TEAM = B875NM54ML;
				INFOPLIST_FILE = "Into The DalekTests/Info.plist";
				IPHONEOS_DEPLOYMENT_TARGET = 10.3;
				LD_RUNPATH_SEARCH_PATHS = "$(inherited) @executable_path/Frameworks @loader_path/Frameworks";
				PRODUCT_BUNDLE_IDENTIFIER = "com.ghostbirdgames.Into-The-DalekTests";
				PRODUCT_NAME = "$(TARGET_NAME)";
				SWIFT_SWIFT3_OBJC_INFERENCE = Default;
				SWIFT_VERSION = 4.0;
				TEST_HOST = "$(BUILT_PRODUCTS_DIR)/Into The Dalek.app/Into The Dalek";
			};
			name = Debug;
		};
		34407B241E9D5EA7006A34FF /* Release */ = {
			isa = XCBuildConfiguration;
			buildSettings = {
				BUNDLE_LOADER = "$(TEST_HOST)";
				CLANG_ANALYZER_NUMBER_OBJECT_CONVERSION = YES_AGGRESSIVE;
				DEVELOPMENT_TEAM = B875NM54ML;
				INFOPLIST_FILE = "Into The DalekTests/Info.plist";
				IPHONEOS_DEPLOYMENT_TARGET = 10.3;
				LD_RUNPATH_SEARCH_PATHS = "$(inherited) @executable_path/Frameworks @loader_path/Frameworks";
				PRODUCT_BUNDLE_IDENTIFIER = "com.ghostbirdgames.Into-The-DalekTests";
				PRODUCT_NAME = "$(TARGET_NAME)";
				SWIFT_SWIFT3_OBJC_INFERENCE = Default;
				SWIFT_VERSION = 4.0;
				TEST_HOST = "$(BUILT_PRODUCTS_DIR)/Into The Dalek.app/Into The Dalek";
			};
			name = Release;
		};
		3479E8EB1DBE79F300D9591E /* Debug */ = {
			isa = XCBuildConfiguration;
			buildSettings = {
				ALWAYS_SEARCH_USER_PATHS = NO;
				CLANG_ANALYZER_NONNULL = YES;
				CLANG_CXX_LANGUAGE_STANDARD = "gnu++0x";
				CLANG_CXX_LIBRARY = "libc++";
				CLANG_ENABLE_MODULES = YES;
				CLANG_ENABLE_OBJC_ARC = YES;
				CLANG_WARN_BLOCK_CAPTURE_AUTORELEASING = YES;
				CLANG_WARN_BOOL_CONVERSION = YES;
				CLANG_WARN_COMMA = YES;
				CLANG_WARN_CONSTANT_CONVERSION = YES;
				CLANG_WARN_DIRECT_OBJC_ISA_USAGE = YES_ERROR;
				CLANG_WARN_DOCUMENTATION_COMMENTS = YES;
				CLANG_WARN_EMPTY_BODY = YES;
				CLANG_WARN_ENUM_CONVERSION = YES;
				CLANG_WARN_INFINITE_RECURSION = YES;
				CLANG_WARN_INT_CONVERSION = YES;
				CLANG_WARN_NON_LITERAL_NULL_CONVERSION = YES;
				CLANG_WARN_OBJC_LITERAL_CONVERSION = YES;
				CLANG_WARN_OBJC_ROOT_CLASS = YES_ERROR;
				CLANG_WARN_RANGE_LOOP_ANALYSIS = YES;
				CLANG_WARN_STRICT_PROTOTYPES = YES;
				CLANG_WARN_SUSPICIOUS_MOVE = YES;
				CLANG_WARN_SUSPICIOUS_MOVES = YES;
				CLANG_WARN_UNREACHABLE_CODE = YES;
				CLANG_WARN__DUPLICATE_METHOD_MATCH = YES;
				"CODE_SIGN_IDENTITY[sdk=iphoneos*]" = "iPhone Developer";
				COPY_PHASE_STRIP = NO;
				DEBUG_INFORMATION_FORMAT = dwarf;
				ENABLE_STRICT_OBJC_MSGSEND = YES;
				ENABLE_TESTABILITY = YES;
				GCC_C_LANGUAGE_STANDARD = gnu99;
				GCC_DYNAMIC_NO_PIC = NO;
				GCC_NO_COMMON_BLOCKS = YES;
				GCC_OPTIMIZATION_LEVEL = 0;
				GCC_PREPROCESSOR_DEFINITIONS = (
					"DEBUG=1",
					"$(inherited)",
				);
				GCC_WARN_64_TO_32_BIT_CONVERSION = YES;
				GCC_WARN_ABOUT_RETURN_TYPE = YES_ERROR;
				GCC_WARN_UNDECLARED_SELECTOR = YES;
				GCC_WARN_UNINITIALIZED_AUTOS = YES_AGGRESSIVE;
				GCC_WARN_UNUSED_FUNCTION = YES;
				GCC_WARN_UNUSED_VARIABLE = YES;
				IPHONEOS_DEPLOYMENT_TARGET = 10.0;
				MTL_ENABLE_DEBUG_INFO = YES;
				ONLY_ACTIVE_ARCH = YES;
				SDKROOT = iphoneos;
				SWIFT_ACTIVE_COMPILATION_CONDITIONS = DEBUG;
				SWIFT_OPTIMIZATION_LEVEL = "-Onone";
				TARGETED_DEVICE_FAMILY = "1,2";
			};
			name = Debug;
		};
		3479E8EC1DBE79F300D9591E /* Release */ = {
			isa = XCBuildConfiguration;
			buildSettings = {
				ALWAYS_SEARCH_USER_PATHS = NO;
				CLANG_ANALYZER_NONNULL = YES;
				CLANG_CXX_LANGUAGE_STANDARD = "gnu++0x";
				CLANG_CXX_LIBRARY = "libc++";
				CLANG_ENABLE_MODULES = YES;
				CLANG_ENABLE_OBJC_ARC = YES;
				CLANG_WARN_BLOCK_CAPTURE_AUTORELEASING = YES;
				CLANG_WARN_BOOL_CONVERSION = YES;
				CLANG_WARN_COMMA = YES;
				CLANG_WARN_CONSTANT_CONVERSION = YES;
				CLANG_WARN_DIRECT_OBJC_ISA_USAGE = YES_ERROR;
				CLANG_WARN_DOCUMENTATION_COMMENTS = YES;
				CLANG_WARN_EMPTY_BODY = YES;
				CLANG_WARN_ENUM_CONVERSION = YES;
				CLANG_WARN_INFINITE_RECURSION = YES;
				CLANG_WARN_INT_CONVERSION = YES;
				CLANG_WARN_NON_LITERAL_NULL_CONVERSION = YES;
				CLANG_WARN_OBJC_LITERAL_CONVERSION = YES;
				CLANG_WARN_OBJC_ROOT_CLASS = YES_ERROR;
				CLANG_WARN_RANGE_LOOP_ANALYSIS = YES;
				CLANG_WARN_STRICT_PROTOTYPES = YES;
				CLANG_WARN_SUSPICIOUS_MOVE = YES;
				CLANG_WARN_SUSPICIOUS_MOVES = YES;
				CLANG_WARN_UNREACHABLE_CODE = YES;
				CLANG_WARN__DUPLICATE_METHOD_MATCH = YES;
				"CODE_SIGN_IDENTITY[sdk=iphoneos*]" = "iPhone Developer";
				COPY_PHASE_STRIP = NO;
				DEBUG_INFORMATION_FORMAT = "dwarf-with-dsym";
				ENABLE_NS_ASSERTIONS = NO;
				ENABLE_STRICT_OBJC_MSGSEND = YES;
				GCC_C_LANGUAGE_STANDARD = gnu99;
				GCC_NO_COMMON_BLOCKS = YES;
				GCC_WARN_64_TO_32_BIT_CONVERSION = YES;
				GCC_WARN_ABOUT_RETURN_TYPE = YES_ERROR;
				GCC_WARN_UNDECLARED_SELECTOR = YES;
				GCC_WARN_UNINITIALIZED_AUTOS = YES_AGGRESSIVE;
				GCC_WARN_UNUSED_FUNCTION = YES;
				GCC_WARN_UNUSED_VARIABLE = YES;
				IPHONEOS_DEPLOYMENT_TARGET = 10.0;
				MTL_ENABLE_DEBUG_INFO = NO;
				SDKROOT = iphoneos;
				SWIFT_OPTIMIZATION_LEVEL = "-Owholemodule";
				TARGETED_DEVICE_FAMILY = "1,2";
				VALIDATE_PRODUCT = YES;
			};
			name = Release;
		};
		3479E8EE1DBE79F300D9591E /* Debug */ = {
			isa = XCBuildConfiguration;
			buildSettings = {
				ASSETCATALOG_COMPILER_APPICON_NAME = AppIcon;
				DEVELOPMENT_TEAM = B875NM54ML;
				INFOPLIST_FILE = "Into The Dalek/Info.plist";
				LD_RUNPATH_SEARCH_PATHS = "$(inherited) @executable_path/Frameworks";
				PRODUCT_BUNDLE_IDENTIFIER = "com.ghostbirdgames.Into-The-Dalek";
				PRODUCT_NAME = "$(TARGET_NAME)";
				SWIFT_SWIFT3_OBJC_INFERENCE = Default;
				SWIFT_VERSION = 4.0;
			};
			name = Debug;
		};
		3479E8EF1DBE79F300D9591E /* Release */ = {
			isa = XCBuildConfiguration;
			buildSettings = {
				ASSETCATALOG_COMPILER_APPICON_NAME = AppIcon;
				DEVELOPMENT_TEAM = B875NM54ML;
				INFOPLIST_FILE = "Into The Dalek/Info.plist";
				LD_RUNPATH_SEARCH_PATHS = "$(inherited) @executable_path/Frameworks";
				PRODUCT_BUNDLE_IDENTIFIER = "com.ghostbirdgames.Into-The-Dalek";
				PRODUCT_NAME = "$(TARGET_NAME)";
				SWIFT_SWIFT3_OBJC_INFERENCE = Default;
				SWIFT_VERSION = 4.0;
			};
			name = Release;
		};
/* End XCBuildConfiguration section */

/* Begin XCConfigurationList section */
		34407B251E9D5EA7006A34FF /* Build configuration list for PBXNativeTarget "Into The DalekTests" */ = {
			isa = XCConfigurationList;
			buildConfigurations = (
				34407B231E9D5EA7006A34FF /* Debug */,
				34407B241E9D5EA7006A34FF /* Release */,
			);
			defaultConfigurationIsVisible = 0;
			defaultConfigurationName = Release;
		};
		3479E8D61DBE79F200D9591E /* Build configuration list for PBXProject "Into The Dalek" */ = {
			isa = XCConfigurationList;
			buildConfigurations = (
				3479E8EB1DBE79F300D9591E /* Debug */,
				3479E8EC1DBE79F300D9591E /* Release */,
			);
			defaultConfigurationIsVisible = 0;
			defaultConfigurationName = Release;
		};
		3479E8ED1DBE79F300D9591E /* Build configuration list for PBXNativeTarget "Into The Dalek" */ = {
			isa = XCConfigurationList;
			buildConfigurations = (
				3479E8EE1DBE79F300D9591E /* Debug */,
				3479E8EF1DBE79F300D9591E /* Release */,
			);
			defaultConfigurationIsVisible = 0;
			defaultConfigurationName = Release;
		};
/* End XCConfigurationList section */
	};
	rootObject = 3479E8D31DBE79F200D9591E /* Project object */;
}
